// !$*UTF8*$!
{
	archiveVersion = 1;
	classes = {
	};
	objectVersion = 50;
	objects = {

/* Begin PBXBuildFile section */
		63619C4022A748E30080A932 /* AppDelegate.swift in Sources */ = {isa = PBXBuildFile; fileRef = 63619C3F22A748E30080A932 /* AppDelegate.swift */; };
		63619C4222A748E30080A932 /* ViewController.swift in Sources */ = {isa = PBXBuildFile; fileRef = 63619C4122A748E30080A932 /* ViewController.swift */; };
		63619C4522A748E40080A932 /* Main.storyboard in Resources */ = {isa = PBXBuildFile; fileRef = 63619C4322A748E40080A932 /* Main.storyboard */; };
		63619C4722A748E50080A932 /* Assets.xcassets in Resources */ = {isa = PBXBuildFile; fileRef = 63619C4622A748E50080A932 /* Assets.xcassets */; };
		63619C4A22A748E50080A932 /* LaunchScreen.storyboard in Resources */ = {isa = PBXBuildFile; fileRef = 63619C4822A748E50080A932 /* LaunchScreen.storyboard */; };
		63619C5222A750030080A932 /* BlockViewController.swift in Sources */ = {isa = PBXBuildFile; fileRef = 63619C5122A750030080A932 /* BlockViewController.swift */; };
		63619C5422A75AE00080A932 /* NotificationViewController.swift in Sources */ = {isa = PBXBuildFile; fileRef = 63619C5322A75AE00080A932 /* NotificationViewController.swift */; };
		63619C5622A76C1E0080A932 /* DelegateViewController.swift in Sources */ = {isa = PBXBuildFile; fileRef = 63619C5522A76C1E0080A932 /* DelegateViewController.swift */; };
/* End PBXBuildFile section */

/* Begin PBXFileReference section */
		63619C3C22A748E30080A932 /* HZXReverseValue.app */ = {isa = PBXFileReference; explicitFileType = wrapper.application; includeInIndex = 0; path = HZXReverseValue.app; sourceTree = BUILT_PRODUCTS_DIR; };
		63619C3F22A748E30080A932 /* AppDelegate.swift */ = {isa = PBXFileReference; lastKnownFileType = sourcecode.swift; path = AppDelegate.swift; sourceTree = "<group>"; };
		63619C4122A748E30080A932 /* ViewController.swift */ = {isa = PBXFileReference; lastKnownFileType = sourcecode.swift; path = ViewController.swift; sourceTree = "<group>"; };
		63619C4422A748E40080A932 /* Base */ = {isa = PBXFileReference; lastKnownFileType = file.storyboard; name = Base; path = Base.lproj/Main.storyboard; sourceTree = "<group>"; };
		63619C4622A748E50080A932 /* Assets.xcassets */ = {isa = PBXFileReference; lastKnownFileType = folder.assetcatalog; path = Assets.xcassets; sourceTree = "<group>"; };
		63619C4922A748E50080A932 /* Base */ = {isa = PBXFileReference; lastKnownFileType = file.storyboard; name = Base; path = Base.lproj/LaunchScreen.storyboard; sourceTree = "<group>"; };
		63619C4B22A748E50080A932 /* Info.plist */ = {isa = PBXFileReference; lastKnownFileType = text.plist.xml; path = Info.plist; sourceTree = "<group>"; };
		63619C5122A750030080A932 /* BlockViewController.swift */ = {isa = PBXFileReference; lastKnownFileType = sourcecode.swift; path = BlockViewController.swift; sourceTree = "<group>"; };
		63619C5322A75AE00080A932 /* NotificationViewController.swift */ = {isa = PBXFileReference; lastKnownFileType = sourcecode.swift; path = NotificationViewController.swift; sourceTree = "<group>"; };
		63619C5522A76C1E0080A932 /* DelegateViewController.swift */ = {isa = PBXFileReference; lastKnownFileType = sourcecode.swift; path = DelegateViewController.swift; sourceTree = "<group>"; };
/* End PBXFileReference section */

/* Begin PBXFrameworksBuildPhase section */
		63619C3922A748E30080A932 /* Frameworks */ = {
			isa = PBXFrameworksBuildPhase;
			buildActionMask = 2147483647;
			files = (
			);
			runOnlyForDeploymentPostprocessing = 0;
		};
/* End PBXFrameworksBuildPhase section */

/* Begin PBXGroup section */
		63619C3322A748E30080A932 = {
			isa = PBXGroup;
			children = (
				63619C3E22A748E30080A932 /* HZXReverseValue */,
				63619C3D22A748E30080A932 /* Products */,
			);
			sourceTree = "<group>";
		};
		63619C3D22A748E30080A932 /* Products */ = {
			isa = PBXGroup;
			children = (
				63619C3C22A748E30080A932 /* HZXReverseValue.app */,
			);
			name = Products;
			sourceTree = "<group>";
		};
		63619C3E22A748E30080A932 /* HZXReverseValue */ = {
			isa = PBXGroup;
			children = (
				63619C3F22A748E30080A932 /* AppDelegate.swift */,
				63619C4122A748E30080A932 /* ViewController.swift */,
				63619C5122A750030080A932 /* BlockViewController.swift */,
				63619C5322A75AE00080A932 /* NotificationViewController.swift */,
				63619C5522A76C1E0080A932 /* DelegateViewController.swift */,
				63619C4322A748E40080A932 /* Main.storyboard */,
				63619C4622A748E50080A932 /* Assets.xcassets */,
				63619C4822A748E50080A932 /* LaunchScreen.storyboard */,
				63619C4B22A748E50080A932 /* Info.plist */,
			);
			path = HZXReverseValue;
			sourceTree = "<group>";
		};
/* End PBXGroup section */

/* Begin PBXNativeTarget section */
		63619C3B22A748E30080A932 /* HZXReverseValue */ = {
			isa = PBXNativeTarget;
			buildConfigurationList = 63619C4E22A748E50080A932 /* Build configuration list for PBXNativeTarget "HZXReverseValue" */;
			buildPhases = (
				63619C3822A748E30080A932 /* Sources */,
				63619C3922A748E30080A932 /* Frameworks */,
				63619C3A22A748E30080A932 /* Resources */,
			);
			buildRules = (
			);
			dependencies = (
			);
			name = HZXReverseValue;
			productName = HZXReverseValue;
			productReference = 63619C3C22A748E30080A932 /* HZXReverseValue.app */;
			productType = "com.apple.product-type.application";
		};
/* End PBXNativeTarget section */

/* Begin PBXProject section */
		63619C3422A748E30080A932 /* Project object */ = {
			isa = PBXProject;
			attributes = {
				LastSwiftUpdateCheck = 1020;
				LastUpgradeCheck = 1020;
				ORGANIZATIONNAME = 1;
				TargetAttributes = {
					63619C3B22A748E30080A932 = {
						CreatedOnToolsVersion = 10.2.1;
					};
				};
			};
			buildConfigurationList = 63619C3722A748E30080A932 /* Build configuration list for PBXProject "HZXReverseValue" */;
			compatibilityVersion = "Xcode 9.3";
			developmentRegion = en;
			hasScannedForEncodings = 0;
			knownRegions = (
				en,
				Base,
			);
			mainGroup = 63619C3322A748E30080A932;
			productRefGroup = 63619C3D22A748E30080A932 /* Products */;
			projectDirPath = "";
			projectRoot = "";
			targets = (
				63619C3B22A748E30080A932 /* HZXReverseValue */,
			);
		};
/* End PBXProject section */

/* Begin PBXResourcesBuildPhase section */
		63619C3A22A748E30080A932 /* Resources */ = {
			isa = PBXResourcesBuildPhase;
			buildActionMask = 2147483647;
			files = (
				63619C4A22A748E50080A932 /* LaunchScreen.storyboard in Resources */,
				63619C4722A748E50080A932 /* Assets.xcassets in Resources */,
				63619C4522A748E40080A932 /* Main.storyboard in Resources */,
			);
			runOnlyForDeploymentPostprocessing = 0;
		};
/* End PBXResourcesBuildPhase section */

/* Begin PBXSourcesBuildPhase section */
		63619C3822A748E30080A932 /* Sources */ = {
			isa = PBXSourcesBuildPhase;
			buildActionMask = 2147483647;
			files = (
				63619C5622A76C1E0080A932 /* DelegateViewController.swift in Sources */,
				63619C4222A748E30080A932 /* ViewController.swift in Sources */,
				63619C5222A750030080A932 /* BlockViewController.swift in Sources */,
				63619C5422A75AE00080A932 /* NotificationViewController.swift in Sources */,
				63619C4022A748E30080A932 /* AppDelegate.swift in Sources */,
			);
			runOnlyForDeploymentPostprocessing = 0;
		};
/* End PBXSourcesBuildPhase section */

/* Begin PBXVariantGroup section */
		63619C4322A748E40080A932 /* Main.storyboard */ = {
			isa = PBXVariantGroup;
			children = (
				63619C4422A748E40080A932 /* Base */,
			);
			name = Main.storyboard;
			sourceTree = "<group>";
		};
		63619C4822A748E50080A932 /* LaunchScreen.storyboard */ = {
			isa = PBXVariantGroup;
			children = (
				63619C4922A748E50080A932 /* Base */,
			);
			name = LaunchScreen.storyboard;
			sourceTree = "<group>";
		};
/* End PBXVariantGroup section */

/* Begin XCBuildConfiguration section */
		63619C4C22A748E50080A932 /* Debug */ = {
			isa = XCBuildConfiguration;
			buildSettings = {
				ALWAYS_SEARCH_USER_PATHS = NO;
				CLANG_ANALYZER_NONNULL = YES;
				CLANG_ANALYZER_NUMBER_OBJECT_CONVERSION = YES_AGGRESSIVE;
				CLANG_CXX_LANGUAGE_STANDARD = "gnu++14";
				CLANG_CXX_LIBRARY = "libc++";
				CLANG_ENABLE_MODULES = YES;
				CLANG_ENABLE_OBJC_ARC = YES;
				CLANG_ENABLE_OBJC_WEAK = YES;
				CLANG_WARN_BLOCK_CAPTURE_AUTORELEASING = YES;
				CLANG_WARN_BOOL_CONVERSION = YES;
				CLANG_WARN_COMMA = YES;
				CLANG_WARN_CONSTANT_CONVERSION = YES;
				CLANG_WARN_DEPRECATED_OBJC_IMPLEMENTATIONS = YES;
				CLANG_WARN_DIRECT_OBJC_ISA_USAGE = YES_ERROR;
				CLANG_WARN_DOCUMENTATION_COMMENTS = YES;
				CLANG_WARN_EMPTY_BODY = YES;
				CLANG_WARN_ENUM_CONVERSION = YES;
				CLANG_WARN_INFINITE_RECURSION = YES;
				CLANG_WARN_INT_CONVERSION = YES;
				CLANG_WARN_NON_LITERAL_NULL_CONVERSION = YES;
				CLANG_WARN_OBJC_IMPLICIT_RETAIN_SELF = YES;
				CLANG_WARN_OBJC_LITERAL_CONVERSION = YES;
				CLANG_WARN_OBJC_ROOT_CLASS = YES_ERROR;
				CLANG_WARN_RANGE_LOOP_ANALYSIS = YES;
				CLANG_WARN_STRICT_PROTOTYPES = YES;
				CLANG_WARN_SUSPICIOUS_MOVE = YES;
				CLANG_WARN_UNGUARDED_AVAILABILITY = YES_AGGRESSIVE;
				CLANG_WARN_UNREACHABLE_CODE = YES;
				CLANG_WARN__DUPLICATE_METHOD_MATCH = YES;
				CODE_SIGN_IDENTITY = "iPhone Developer";
				COPY_PHASE_STRIP = NO;
				DEBUG_INFORMATION_FORMAT = dwarf;
				ENABLE_STRICT_OBJC_MSGSEND = YES;
				ENABLE_TESTABILITY = YES;
				GCC_C_LANGUAGE_STANDARD = gnu11;
				GCC_DYNAMIC_NO_PIC = NO;
				GCC_NO_COMMON_BLOCKS = YES;
				GCC_OPTIMIZATION_LEVEL = 0;
				GCC_PREPROCESSOR_DEFINITIONS = (
					"DEBUG=1",
					"$(inherited)",
				);
				GCC_WARN_64_TO_32_BIT_CONVERSION = YES;
				GCC_WARN_ABOUT_RETURN_TYPE = YES_ERROR;
				GCC_WARN_UNDECLARED_SELECTOR = YES;
				GCC_WARN_UNINITIALIZED_AUTOS = YES_AGGRESSIVE;
				GCC_WARN_UNUSED_FUNCTION = YES;
				GCC_WARN_UNUSED_VARIABLE = YES;
				IPHONEOS_DEPLOYMENT_TARGET = 12.2;
				MTL_ENABLE_DEBUG_INFO = INCLUDE_SOURCE;
				MTL_FAST_MATH = YES;
				ONLY_ACTIVE_ARCH = YES;
				SDKROOT = iphoneos;
				SWIFT_ACTIVE_COMPILATION_CONDITIONS = DEBUG;
				SWIFT_OPTIMIZATION_LEVEL = "-Onone";
			};
			name = Debug;
		};
		63619C4D22A748E50080A932 /* Release */ = {
			isa = XCBuildConfiguration;
			buildSettings = {
				ALWAYS_SEARCH_USER_PATHS = NO;
				CLANG_ANALYZER_NONNULL = YES;
				CLANG_ANALYZER_NUMBER_OBJECT_CONVERSION = YES_AGGRESSIVE;
				CLANG_CXX_LANGUAGE_STANDARD = "gnu++14";
				CLANG_CXX_LIBRARY = "libc++";
				CLANG_ENABLE_MODULES = YES;
				CLANG_ENABLE_OBJC_ARC = YES;
				CLANG_ENABLE_OBJC_WEAK = YES;
				CLANG_WARN_BLOCK_CAPTURE_AUTORELEASING = YES;
				CLANG_WARN_BOOL_CONVERSION = YES;
				CLANG_WARN_COMMA = YES;
				CLANG_WARN_CONSTANT_CONVERSION = YES;
				CLANG_WARN_DEPRECATED_OBJC_IMPLEMENTATIONS = YES;
				CLANG_WARN_DIRECT_OBJC_ISA_USAGE = YES_ERROR;
				CLANG_WARN_DOCUMENTATION_COMMENTS = YES;
				CLANG_WARN_EMPTY_BODY = YES;
				CLANG_WARN_ENUM_CONVERSION = YES;
				CLANG_WARN_INFINITE_RECURSION = YES;
				CLANG_WARN_INT_CONVERSION = YES;
				CLANG_WARN_NON_LITERAL_NULL_CONVERSION = YES;
				CLANG_WARN_OBJC_IMPLICIT_RETAIN_SELF = YES;
				CLANG_WARN_OBJC_LITERAL_CONVERSION = YES;
				CLANG_WARN_OBJC_ROOT_CLASS = YES_ERROR;
				CLANG_WARN_RANGE_LOOP_ANALYSIS = YES;
				CLANG_WARN_STRICT_PROTOTYPES = YES;
				CLANG_WARN_SUSPICIOUS_MOVE = YES;
				CLANG_WARN_UNGUARDED_AVAILABILITY = YES_AGGRESSIVE;
				CLANG_WARN_UNREACHABLE_CODE = YES;
				CLANG_WARN__DUPLICATE_METHOD_MATCH = YES;
				CODE_SIGN_IDENTITY = "iPhone Developer";
				COPY_PHASE_STRIP = NO;
				DEBUG_INFORMATION_FORMAT = "dwarf-with-dsym";
				ENABLE_NS_ASSERTIONS = NO;
				ENABLE_STRICT_OBJC_MSGSEND = YES;
				GCC_C_LANGUAGE_STANDARD = gnu11;
				GCC_NO_COMMON_BLOCKS = YES;
				GCC_WARN_64_TO_32_BIT_CONVERSION = YES;
				GCC_WARN_ABOUT_RETURN_TYPE = YES_ERROR;
				GCC_WARN_UNDECLARED_SELECTOR = YES;
				GCC_WARN_UNINITIALIZED_AUTOS = YES_AGGRESSIVE;
				GCC_WARN_UNUSED_FUNCTION = YES;
				GCC_WARN_UNUSED_VARIABLE = YES;
				IPHONEOS_DEPLOYMENT_TARGET = 12.2;
				MTL_ENABLE_DEBUG_INFO = NO;
				MTL_FAST_MATH = YES;
				SDKROOT = iphoneos;
				SWIFT_COMPILATION_MODE = wholemodule;
				SWIFT_OPTIMIZATION_LEVEL = "-O";
				VALIDATE_PRODUCT = YES;
			};
			name = Release;
		};
		63619C4F22A748E50080A932 /* Debug */ = {
			isa = XCBuildConfiguration;
			buildSettings = {
				ASSETCATALOG_COMPILER_APPICON_NAME = AppIcon;
				CODE_SIGN_STYLE = Automatic;
				DEVELOPMENT_TEAM = CC97P779EW;
				INFOPLIST_FILE = HZXReverseValue/Info.plist;
				LD_RUNPATH_SEARCH_PATHS = (
					"$(inherited)",
					"@executable_path/Frameworks",
				);
				PRODUCT_BUNDLE_IDENTIFIER = com.HZX.HZXReverseValue;
				PRODUCT_NAME = "$(TARGET_NAME)";
				SWIFT_VERSION = 5.0;
				TARGETED_DEVICE_FAMILY = "1,2";
			};
			name = Debug;
		};
		63619C5022A748E50080A932 /* Release */ = {
			isa = XCBuildConfiguration;
			buildSettings = {
				ASSETCATALOG_COMPILER_APPICON_NAME = AppIcon;
				CODE_SIGN_STYLE = Automatic;
				DEVELOPMENT_TEAM = CC97P779EW;
				INFOPLIST_FILE = HZXReverseValue/Info.plist;
				LD_RUNPATH_SEARCH_PATHS = (
					"$(inherited)",
					"@executable_path/Frameworks",
				);
				PRODUCT_BUNDLE_IDENTIFIER = com.HZX.HZXReverseValue;
				PRODUCT_NAME = "$(TARGET_NAME)";
				SWIFT_VERSION = 5.0;
				TARGETED_DEVICE_FAMILY = "1,2";
			};
			name = Release;
		};
/* End XCBuildConfiguration section */

/* Begin XCConfigurationList section */
		63619C3722A748E30080A932 /* Build configuration list for PBXProject "HZXReverseValue" */ = {
			isa = XCConfigurationList;
			buildConfigurations = (
				63619C4C22A748E50080A932 /* Debug */,
				63619C4D22A748E50080A932 /* Release */,
			);
			defaultConfigurationIsVisible = 0;
			defaultConfigurationName = Release;
		};
		63619C4E22A748E50080A932 /* Build configuration list for PBXNativeTarget "HZXReverseValue" */ = {
			isa = XCConfigurationList;
			buildConfigurations = (
				63619C4F22A748E50080A932 /* Debug */,
				63619C5022A748E50080A932 /* Release */,
			);
			defaultConfigurationIsVisible = 0;
			defaultConfigurationName = Release;
		};
/* End XCConfigurationList section */
	};
	rootObject = 63619C3422A748E30080A932 /* Project object */;
}
